
Microsoft Visual Studio Solution File, Format Version 12.00
# Visual Studio 15
VisualStudioVersion = 15.0.28010.2003
MinimumVisualStudioVersion = 10.0.40219.1
Project("{FAE04EC0-301F-11D3-BF4B-00C04F79EFBC}") = "1714mscheck2f", "1714mscheck2f\1714mscheck2f.csproj", "{455C6086-1F1A-4189-9AB1-7B8B819CC56D}"
EndProject
Project("{2150E333-8FDC-42A3-9474-1A3956D46DE8}") = "Solution Items", "Solution Items", "{BD199E26-875F-49D1-9805-53EC2742274E}"
	ProjectSection(SolutionItems) = preProject
		.gitattributes = .gitattributes
		.gitignore.txt = .gitignore.txt
	EndProjectSection
EndProject
Project("{FAE04EC0-301F-11D3-BF4B-00C04F79EFBC}") = "1714mscheck2G", "1714mscheck2G\1714mscheck2G.csproj", "{AF6CA917-F049-4FE0-8934-5CD1E53DE139}"
EndProject
Project("{00D1A9C2-B5F0-4AF3-8072-F6C62B433612}") = "1714ex2g", "1714ex2g\1714ex2g.sqlproj", "{8A6F5A39-1C60-4508-993C-341078676E5A}"
EndProject
Project("{FAE04EC0-301F-11D3-BF4B-00C04F79EFBC}") = "1714mscheck2H", "1714mscheck2H\1714mscheck2H.csproj", "{066B0D70-6345-408F-A30A-3E9540089F16}"
EndProject
Project("{FAE04EC0-301F-11D3-BF4B-00C04F79EFBC}") = "1714mscheck3a1", "1714mscheck3a1\1714mscheck3a1.csproj", "{C86C62D3-BA2B-4598-8570-4C83473B1BC4}"
EndProject
Global
	GlobalSection(SolutionConfigurationPlatforms) = preSolution
		Debug|Any CPU = Debug|Any CPU
		Release|Any CPU = Release|Any CPU
	EndGlobalSection
	GlobalSection(ProjectConfigurationPlatforms) = postSolution
		{455C6086-1F1A-4189-9AB1-7B8B819CC56D}.Debug|Any CPU.ActiveCfg = Debug|Any CPU
		{455C6086-1F1A-4189-9AB1-7B8B819CC56D}.Debug|Any CPU.Build.0 = Debug|Any CPU
		{455C6086-1F1A-4189-9AB1-7B8B819CC56D}.Release|Any CPU.ActiveCfg = Release|Any CPU
		{455C6086-1F1A-4189-9AB1-7B8B819CC56D}.Release|Any CPU.Build.0 = Release|Any CPU
		{AF6CA917-F049-4FE0-8934-5CD1E53DE139}.Debug|Any CPU.ActiveCfg = Debug|Any CPU
		{AF6CA917-F049-4FE0-8934-5CD1E53DE139}.Debug|Any CPU.Build.0 = Debug|Any CPU
		{AF6CA917-F049-4FE0-8934-5CD1E53DE139}.Release|Any CPU.ActiveCfg = Release|Any CPU
		{AF6CA917-F049-4FE0-8934-5CD1E53DE139}.Release|Any CPU.Build.0 = Release|Any CPU
		{8A6F5A39-1C60-4508-993C-341078676E5A}.Debug|Any CPU.ActiveCfg = Debug|Any CPU
		{8A6F5A39-1C60-4508-993C-341078676E5A}.Debug|Any CPU.Build.0 = Debug|Any CPU
		{8A6F5A39-1C60-4508-993C-341078676E5A}.Debug|Any CPU.Deploy.0 = Debug|Any CPU
		{8A6F5A39-1C60-4508-993C-341078676E5A}.Release|Any CPU.ActiveCfg = Release|Any CPU
		{8A6F5A39-1C60-4508-993C-341078676E5A}.Release|Any CPU.Build.0 = Release|Any CPU
		{8A6F5A39-1C60-4508-993C-341078676E5A}.Release|Any CPU.Deploy.0 = Release|Any CPU
		{066B0D70-6345-408F-A30A-3E9540089F16}.Debug|Any CPU.ActiveCfg = Debug|Any CPU
		{066B0D70-6345-408F-A30A-3E9540089F16}.Debug|Any CPU.Build.0 = Debug|Any CPU
		{066B0D70-6345-408F-A30A-3E9540089F16}.Release|Any CPU.ActiveCfg = Release|Any CPU
		{066B0D70-6345-408F-A30A-3E9540089F16}.Release|Any CPU.Build.0 = Release|Any CPU
		{C86C62D3-BA2B-4598-8570-4C83473B1BC4}.Debug|Any CPU.ActiveCfg = Debug|Any CPU
		{C86C62D3-BA2B-4598-8570-4C83473B1BC4}.Debug|Any CPU.Build.0 = Debug|Any CPU
		{C86C62D3-BA2B-4598-8570-4C83473B1BC4}.Release|Any CPU.ActiveCfg = Release|Any CPU
		{C86C62D3-BA2B-4598-8570-4C83473B1BC4}.Release|Any CPU.Build.0 = Release|Any CPU
	EndGlobalSection
	GlobalSection(SolutionProperties) = preSolution
		HideSolutionNode = FALSE
	EndGlobalSection
	GlobalSection(ExtensibilityGlobals) = postSolution
		SolutionGuid = {3C9C0B50-73F2-4E97-A44E-B6175BBDA31F}
	EndGlobalSection
EndGlobal
